
Microsoft Visual Studio Solution File, Format Version 12.00
# Visual Studio Version 17
VisualStudioVersion = 17.14.36511.14 d17.14
MinimumVisualStudioVersion = 10.0.40219.1
Project("{FAE04EC0-301F-11D3-BF4B-00C04F79EFBC}") = "SubscriptionManagerAPI", "SubscriptionManagerAPI\SubscriptionManagerAPI.csproj", "{479CCA27-B794-4C47-9F7D-3D1631533A5D}"
EndProject
Global
	GlobalSection(SolutionConfigurationPlatforms) = preSolution
		Debug|Any CPU = Debug|Any CPU
		Release|Any CPU = Release|Any CPU
	EndGlobalSection
	GlobalSection(ProjectConfigurationPlatforms) = postSolution
		{479CCA27-B794-4C47-9F7D-3D1631533A5D}.Debug|Any CPU.ActiveCfg = Debug|Any CPU
		{479CCA27-B794-4C47-9F7D-3D1631533A5D}.Debug|Any CPU.Build.0 = Debug|Any CPU
		{479CCA27-B794-4C47-9F7D-3D1631533A5D}.Release|Any CPU.ActiveCfg = Release|Any CPU
		{479CCA27-B794-4C47-9F7D-3D1631533A5D}.Release|Any CPU.Build.0 = Release|Any CPU
	EndGlobalSection
	GlobalSection(SolutionProperties) = preSolution
		HideSolutionNode = FALSE
	EndGlobalSection
	GlobalSection(ExtensibilityGlobals) = postSolution
		SolutionGuid = {18084A29-8ECE-4660-A311-5280F5001668}
	EndGlobalSection
EndGlobal
